// !$*UTF8*$!
{
	archiveVersion = 1;
	classes = {
	};
	objectVersion = 56;
	objects = {

/* Begin PBXBuildFile section */
		9D00989B2B763CE900ED877A /* SnapKit in Frameworks */ = {isa = PBXBuildFile; productRef = 9D00989A2B763CE900ED877A /* SnapKit */; };
		9D68BD8C2B728CD000C41B85 /* AppDelegate.swift in Sources */ = {isa = PBXBuildFile; fileRef = 9D68BD8B2B728CD000C41B85 /* AppDelegate.swift */; };
		9D68BD8E2B728CD000C41B85 /* SceneDelegate.swift in Sources */ = {isa = PBXBuildFile; fileRef = 9D68BD8D2B728CD000C41B85 /* SceneDelegate.swift */; };
		9D68BD902B728CD000C41B85 /* WelcomController.swift in Sources */ = {isa = PBXBuildFile; fileRef = 9D68BD8F2B728CD000C41B85 /* WelcomController.swift */; };
		9D68BD952B728CD200C41B85 /* Assets.xcassets in Resources */ = {isa = PBXBuildFile; fileRef = 9D68BD942B728CD200C41B85 /* Assets.xcassets */; };
		9D68BD982B728CD200C41B85 /* LaunchScreen.storyboard in Resources */ = {isa = PBXBuildFile; fileRef = 9D68BD962B728CD200C41B85 /* LaunchScreen.storyboard */; };
		9D68BDA72B72918C00C41B85 /* FirebaseAuth in Frameworks */ = {isa = PBXBuildFile; productRef = 9D68BDA62B72918C00C41B85 /* FirebaseAuth */; };
		9D68BDA92B72918C00C41B85 /* FirebaseDatabase in Frameworks */ = {isa = PBXBuildFile; productRef = 9D68BDA82B72918C00C41B85 /* FirebaseDatabase */; };
		9D68BDAB2B72918C00C41B85 /* FirebaseFirestore in Frameworks */ = {isa = PBXBuildFile; productRef = 9D68BDAA2B72918C00C41B85 /* FirebaseFirestore */; };
		9D68BDAD2B72918C00C41B85 /* FirebaseStorage in Frameworks */ = {isa = PBXBuildFile; productRef = 9D68BDAC2B72918C00C41B85 /* FirebaseStorage */; };
		9D68BDB02B72938400C41B85 /* CustomButton.swift in Sources */ = {isa = PBXBuildFile; fileRef = 9D68BDAF2B72938400C41B85 /* CustomButton.swift */; };
		9D68BDB22B72939700C41B85 /* CustomTextField.swift in Sources */ = {isa = PBXBuildFile; fileRef = 9D68BDB12B72939700C41B85 /* CustomTextField.swift */; };
		9D68BDB42B72994B00C41B85 /* WebViewController.swift in Sources */ = {isa = PBXBuildFile; fileRef = 9D68BDB32B72994B00C41B85 /* WebViewController.swift */; };
		9D926D7D2B78014000243C2E /* EmmiterLayerAnimator.swift in Sources */ = {isa = PBXBuildFile; fileRef = 9D926D7C2B78014000243C2E /* EmmiterLayerAnimator.swift */; };
		9D926D7F2B78087F00243C2E /* Strings.swift in Sources */ = {isa = PBXBuildFile; fileRef = 9D926D7E2B78087F00243C2E /* Strings.swift */; };
/* End PBXBuildFile section */

/* Begin PBXFileReference section */
		9D68BD882B728CD000C41B85 /* MDCH.app */ = {isa = PBXFileReference; explicitFileType = wrapper.application; includeInIndex = 0; path = MDCH.app; sourceTree = BUILT_PRODUCTS_DIR; };
		9D68BD8B2B728CD000C41B85 /* AppDelegate.swift */ = {isa = PBXFileReference; lastKnownFileType = sourcecode.swift; path = AppDelegate.swift; sourceTree = "<group>"; };
		9D68BD8D2B728CD000C41B85 /* SceneDelegate.swift */ = {isa = PBXFileReference; lastKnownFileType = sourcecode.swift; path = SceneDelegate.swift; sourceTree = "<group>"; };
		9D68BD8F2B728CD000C41B85 /* WelcomController.swift */ = {isa = PBXFileReference; lastKnownFileType = sourcecode.swift; path = WelcomController.swift; sourceTree = "<group>"; };
		9D68BD942B728CD200C41B85 /* Assets.xcassets */ = {isa = PBXFileReference; lastKnownFileType = folder.assetcatalog; name = Assets.xcassets; path = "../New Group/Assets.xcassets"; sourceTree = "<group>"; };
		9D68BD972B728CD200C41B85 /* Base */ = {isa = PBXFileReference; lastKnownFileType = file.storyboard; name = Base; path = Base.lproj/LaunchScreen.storyboard; sourceTree = "<group>"; };
		9D68BD992B728CD200C41B85 /* Info.plist */ = {isa = PBXFileReference; lastKnownFileType = text.plist.xml; path = Info.plist; sourceTree = "<group>"; };
		9D68BDAF2B72938400C41B85 /* CustomButton.swift */ = {isa = PBXFileReference; lastKnownFileType = sourcecode.swift; path = CustomButton.swift; sourceTree = "<group>"; };
		9D68BDB12B72939700C41B85 /* CustomTextField.swift */ = {isa = PBXFileReference; lastKnownFileType = sourcecode.swift; path = CustomTextField.swift; sourceTree = "<group>"; };
		9D68BDB32B72994B00C41B85 /* WebViewController.swift */ = {isa = PBXFileReference; lastKnownFileType = sourcecode.swift; path = WebViewController.swift; sourceTree = "<group>"; };
		9D926D7C2B78014000243C2E /* EmmiterLayerAnimator.swift */ = {isa = PBXFileReference; lastKnownFileType = sourcecode.swift; path = EmmiterLayerAnimator.swift; sourceTree = "<group>"; };
		9D926D7E2B78087F00243C2E /* Strings.swift */ = {isa = PBXFileReference; lastKnownFileType = sourcecode.swift; path = Strings.swift; sourceTree = "<group>"; };
/* End PBXFileReference section */

/* Begin PBXFrameworksBuildPhase section */
		9D68BD852B728CD000C41B85 /* Frameworks */ = {
			isa = PBXFrameworksBuildPhase;
			buildActionMask = 2147483647;
			files = (
				9D68BDA72B72918C00C41B85 /* FirebaseAuth in Frameworks */,
				9D68BDA92B72918C00C41B85 /* FirebaseDatabase in Frameworks */,
				9D68BDAB2B72918C00C41B85 /* FirebaseFirestore in Frameworks */,
				9D68BDAD2B72918C00C41B85 /* FirebaseStorage in Frameworks */,
				9D00989B2B763CE900ED877A /* SnapKit in Frameworks */,
			);
			runOnlyForDeploymentPostprocessing = 0;
		};
/* End PBXFrameworksBuildPhase section */

/* Begin PBXGroup section */
		9D68BD7F2B728CD000C41B85 = {
			isa = PBXGroup;
			children = (
				9D68BD8A2B728CD000C41B85 /* MDCH */,
				9D68BD892B728CD000C41B85 /* Products */,
			);
			sourceTree = "<group>";
		};
		9D68BD892B728CD000C41B85 /* Products */ = {
			isa = PBXGroup;
			children = (
				9D68BD882B728CD000C41B85 /* MDCH.app */,
			);
			name = Products;
			sourceTree = "<group>";
		};
		9D68BD8A2B728CD000C41B85 /* MDCH */ = {
			isa = PBXGroup;
			children = (
				9D68BDB52B72997700C41B85 /* Controllers */,
				9D68BDAE2B7291C700C41B85 /* Resources */,
				9D68BD9F2B728D5500C41B85 /* Application */,
				9D68BDAF2B72938400C41B85 /* CustomButton.swift */,
				9D68BDB12B72939700C41B85 /* CustomTextField.swift */,
				9D68BD992B728CD200C41B85 /* Info.plist */,
				9D926D7C2B78014000243C2E /* EmmiterLayerAnimator.swift */,
				9D926D7E2B78087F00243C2E /* Strings.swift */,
			);
			path = MDCH;
			sourceTree = "<group>";
		};
		9D68BD9F2B728D5500C41B85 /* Application */ = {
			isa = PBXGroup;
			children = (
				9D68BD8B2B728CD000C41B85 /* AppDelegate.swift */,
				9D68BD8D2B728CD000C41B85 /* SceneDelegate.swift */,
			);
			path = Application;
			sourceTree = "<group>";
		};
		9D68BDAE2B7291C700C41B85 /* Resources */ = {
			isa = PBXGroup;
			children = (
				9D68BD942B728CD200C41B85 /* Assets.xcassets */,
				9D68BD962B728CD200C41B85 /* LaunchScreen.storyboard */,
			);
			path = Resources;
			sourceTree = "<group>";
		};
		9D68BDB52B72997700C41B85 /* Controllers */ = {
			isa = PBXGroup;
			children = (
				9D68BDB32B72994B00C41B85 /* WebViewController.swift */,
				9D68BD8F2B728CD000C41B85 /* WelcomController.swift */,
			);
			path = Controllers;
			sourceTree = "<group>";
		};
/* End PBXGroup section */

/* Begin PBXNativeTarget section */
		9D68BD872B728CD000C41B85 /* MDCH */ = {
			isa = PBXNativeTarget;
			buildConfigurationList = 9D68BD9C2B728CD200C41B85 /* Build configuration list for PBXNativeTarget "MDCH" */;
			buildPhases = (
				9D68BD842B728CD000C41B85 /* Sources */,
				9D68BD852B728CD000C41B85 /* Frameworks */,
				9D68BD862B728CD000C41B85 /* Resources */,
			);
			buildRules = (
			);
			dependencies = (
			);
			name = MDCH;
			packageProductDependencies = (
				9D68BDA62B72918C00C41B85 /* FirebaseAuth */,
				9D68BDA82B72918C00C41B85 /* FirebaseDatabase */,
				9D68BDAA2B72918C00C41B85 /* FirebaseFirestore */,
				9D68BDAC2B72918C00C41B85 /* FirebaseStorage */,
				9D00989A2B763CE900ED877A /* SnapKit */,
			);
			productName = MDCH;
			productReference = 9D68BD882B728CD000C41B85 /* MDCH.app */;
			productType = "com.apple.product-type.application";
		};
/* End PBXNativeTarget section */

/* Begin PBXProject section */
		9D68BD802B728CD000C41B85 /* Project object */ = {
			isa = PBXProject;
			attributes = {
				BuildIndependentTargetsInParallel = 1;
				LastSwiftUpdateCheck = 1420;
				LastUpgradeCheck = 1420;
				TargetAttributes = {
					9D68BD872B728CD000C41B85 = {
						CreatedOnToolsVersion = 14.2;
					};
				};
			};
			buildConfigurationList = 9D68BD832B728CD000C41B85 /* Build configuration list for PBXProject "MDCH" */;
			compatibilityVersion = "Xcode 14.0";
			developmentRegion = en;
			hasScannedForEncodings = 0;
			knownRegions = (
				en,
				Base,
			);
			mainGroup = 9D68BD7F2B728CD000C41B85;
			packageReferences = (
				9D68BDA52B72918C00C41B85 /* XCRemoteSwiftPackageReference "firebase-ios-sdk" */,
				9D0098992B763CE900ED877A /* XCRemoteSwiftPackageReference "SnapKit" */,
			);
			productRefGroup = 9D68BD892B728CD000C41B85 /* Products */;
			projectDirPath = "";
			projectRoot = "";
			targets = (
				9D68BD872B728CD000C41B85 /* MDCH */,
			);
		};
/* End PBXProject section */

/* Begin PBXResourcesBuildPhase section */
		9D68BD862B728CD000C41B85 /* Resources */ = {
			isa = PBXResourcesBuildPhase;
			buildActionMask = 2147483647;
			files = (
				9D68BD982B728CD200C41B85 /* LaunchScreen.storyboard in Resources */,
				9D68BD952B728CD200C41B85 /* Assets.xcassets in Resources */,
			);
			runOnlyForDeploymentPostprocessing = 0;
		};
/* End PBXResourcesBuildPhase section */

/* Begin PBXSourcesBuildPhase section */
		9D68BD842B728CD000C41B85 /* Sources */ = {
			isa = PBXSourcesBuildPhase;
			buildActionMask = 2147483647;
			files = (
				9D68BDB02B72938400C41B85 /* CustomButton.swift in Sources */,
				9D68BDB42B72994B00C41B85 /* WebViewController.swift in Sources */,
				9D926D7F2B78087F00243C2E /* Strings.swift in Sources */,
				9D926D7D2B78014000243C2E /* EmmiterLayerAnimator.swift in Sources */,
				9D68BD902B728CD000C41B85 /* WelcomController.swift in Sources */,
				9D68BD8C2B728CD000C41B85 /* AppDelegate.swift in Sources */,
				9D68BD8E2B728CD000C41B85 /* SceneDelegate.swift in Sources */,
				9D68BDB22B72939700C41B85 /* CustomTextField.swift in Sources */,
			);
			runOnlyForDeploymentPostprocessing = 0;
		};
/* End PBXSourcesBuildPhase section */

/* Begin PBXVariantGroup section */
		9D68BD962B728CD200C41B85 /* LaunchScreen.storyboard */ = {
			isa = PBXVariantGroup;
			children = (
				9D68BD972B728CD200C41B85 /* Base */,
			);
			name = LaunchScreen.storyboard;
			sourceTree = "<group>";
		};
/* End PBXVariantGroup section */

/* Begin XCBuildConfiguration section */
		9D68BD9A2B728CD200C41B85 /* Debug */ = {
			isa = XCBuildConfiguration;
			buildSettings = {
				ALWAYS_SEARCH_USER_PATHS = NO;
				CLANG_ANALYZER_NONNULL = YES;
				CLANG_ANALYZER_NUMBER_OBJECT_CONVERSION = YES_AGGRESSIVE;
				CLANG_CXX_LANGUAGE_STANDARD = "gnu++20";
				CLANG_ENABLE_MODULES = YES;
				CLANG_ENABLE_OBJC_ARC = YES;
				CLANG_ENABLE_OBJC_WEAK = YES;
				CLANG_WARN_BLOCK_CAPTURE_AUTORELEASING = YES;
				CLANG_WARN_BOOL_CONVERSION = YES;
				CLANG_WARN_COMMA = YES;
				CLANG_WARN_CONSTANT_CONVERSION = YES;
				CLANG_WARN_DEPRECATED_OBJC_IMPLEMENTATIONS = YES;
				CLANG_WARN_DIRECT_OBJC_ISA_USAGE = YES_ERROR;
				CLANG_WARN_DOCUMENTATION_COMMENTS = YES;
				CLANG_WARN_EMPTY_BODY = YES;
				CLANG_WARN_ENUM_CONVERSION = YES;
				CLANG_WARN_INFINITE_RECURSION = YES;
				CLANG_WARN_INT_CONVERSION = YES;
				CLANG_WARN_NON_LITERAL_NULL_CONVERSION = YES;
				CLANG_WARN_OBJC_IMPLICIT_RETAIN_SELF = YES;
				CLANG_WARN_OBJC_LITERAL_CONVERSION = YES;
				CLANG_WARN_OBJC_ROOT_CLASS = YES_ERROR;
				CLANG_WARN_QUOTED_INCLUDE_IN_FRAMEWORK_HEADER = YES;
				CLANG_WARN_RANGE_LOOP_ANALYSIS = YES;
				CLANG_WARN_STRICT_PROTOTYPES = YES;
				CLANG_WARN_SUSPICIOUS_MOVE = YES;
				CLANG_WARN_UNGUARDED_AVAILABILITY = YES_AGGRESSIVE;
				CLANG_WARN_UNREACHABLE_CODE = YES;
				CLANG_WARN__DUPLICATE_METHOD_MATCH = YES;
				COPY_PHASE_STRIP = NO;
				DEBUG_INFORMATION_FORMAT = dwarf;
				ENABLE_STRICT_OBJC_MSGSEND = YES;
				ENABLE_TESTABILITY = YES;
				GCC_C_LANGUAGE_STANDARD = gnu11;
				GCC_DYNAMIC_NO_PIC = NO;
				GCC_NO_COMMON_BLOCKS = YES;
				GCC_OPTIMIZATION_LEVEL = 0;
				GCC_PREPROCESSOR_DEFINITIONS = (
					"DEBUG=1",
					"$(inherited)",
				);
				GCC_WARN_64_TO_32_BIT_CONVERSION = YES;
				GCC_WARN_ABOUT_RETURN_TYPE = YES_ERROR;
				GCC_WARN_UNDECLARED_SELECTOR = YES;
				GCC_WARN_UNINITIALIZED_AUTOS = YES_AGGRESSIVE;
				GCC_WARN_UNUSED_FUNCTION = YES;
				GCC_WARN_UNUSED_VARIABLE = YES;
				IPHONEOS_DEPLOYMENT_TARGET = 16.2;
				MTL_ENABLE_DEBUG_INFO = INCLUDE_SOURCE;
				MTL_FAST_MATH = YES;
				ONLY_ACTIVE_ARCH = YES;
				SDKROOT = iphoneos;
				SWIFT_ACTIVE_COMPILATION_CONDITIONS = DEBUG;
				SWIFT_OPTIMIZATION_LEVEL = "-Onone";
			};
			name = Debug;
		};
		9D68BD9B2B728CD200C41B85 /* Release */ = {
			isa = XCBuildConfiguration;
			buildSettings = {
				ALWAYS_SEARCH_USER_PATHS = NO;
				CLANG_ANALYZER_NONNULL = YES;
				CLANG_ANALYZER_NUMBER_OBJECT_CONVERSION = YES_AGGRESSIVE;
				CLANG_CXX_LANGUAGE_STANDARD = "gnu++20";
				CLANG_ENABLE_MODULES = YES;
				CLANG_ENABLE_OBJC_ARC = YES;
				CLANG_ENABLE_OBJC_WEAK = YES;
				CLANG_WARN_BLOCK_CAPTURE_AUTORELEASING = YES;
				CLANG_WARN_BOOL_CONVERSION = YES;
				CLANG_WARN_COMMA = YES;
				CLANG_WARN_CONSTANT_CONVERSION = YES;
				CLANG_WARN_DEPRECATED_OBJC_IMPLEMENTATIONS = YES;
				CLANG_WARN_DIRECT_OBJC_ISA_USAGE = YES_ERROR;
				CLANG_WARN_DOCUMENTATION_COMMENTS = YES;
				CLANG_WARN_EMPTY_BODY = YES;
				CLANG_WARN_ENUM_CONVERSION = YES;
				CLANG_WARN_INFINITE_RECURSION = YES;
				CLANG_WARN_INT_CONVERSION = YES;
				CLANG_WARN_NON_LITERAL_NULL_CONVERSION = YES;
				CLANG_WARN_OBJC_IMPLICIT_RETAIN_SELF = YES;
				CLANG_WARN_OBJC_LITERAL_CONVERSION = YES;
				CLANG_WARN_OBJC_ROOT_CLASS = YES_ERROR;
				CLANG_WARN_QUOTED_INCLUDE_IN_FRAMEWORK_HEADER = YES;
				CLANG_WARN_RANGE_LOOP_ANALYSIS = YES;
				CLANG_WARN_STRICT_PROTOTYPES = YES;
				CLANG_WARN_SUSPICIOUS_MOVE = YES;
				CLANG_WARN_UNGUARDED_AVAILABILITY = YES_AGGRESSIVE;
				CLANG_WARN_UNREACHABLE_CODE = YES;
				CLANG_WARN__DUPLICATE_METHOD_MATCH = YES;
				COPY_PHASE_STRIP = NO;
				DEBUG_INFORMATION_FORMAT = "dwarf-with-dsym";
				ENABLE_NS_ASSERTIONS = NO;
				ENABLE_STRICT_OBJC_MSGSEND = YES;
				GCC_C_LANGUAGE_STANDARD = gnu11;
				GCC_NO_COMMON_BLOCKS = YES;
				GCC_WARN_64_TO_32_BIT_CONVERSION = YES;
				GCC_WARN_ABOUT_RETURN_TYPE = YES_ERROR;
				GCC_WARN_UNDECLARED_SELECTOR = YES;
				GCC_WARN_UNINITIALIZED_AUTOS = YES_AGGRESSIVE;
				GCC_WARN_UNUSED_FUNCTION = YES;
				GCC_WARN_UNUSED_VARIABLE = YES;
				IPHONEOS_DEPLOYMENT_TARGET = 16.2;
				MTL_ENABLE_DEBUG_INFO = NO;
				MTL_FAST_MATH = YES;
				SDKROOT = iphoneos;
				SWIFT_COMPILATION_MODE = wholemodule;
				SWIFT_OPTIMIZATION_LEVEL = "-O";
				VALIDATE_PRODUCT = YES;
			};
			name = Release;
		};
		9D68BD9D2B728CD200C41B85 /* Debug */ = {
			isa = XCBuildConfiguration;
			buildSettings = {
				ASSETCATALOG_COMPILER_APPICON_NAME = AppIcon;
				ASSETCATALOG_COMPILER_GLOBAL_ACCENT_COLOR_NAME = AccentColor;
				CODE_SIGN_STYLE = Automatic;
				CURRENT_PROJECT_VERSION = 1;
				DEVELOPMENT_TEAM = B5GYW8VT22;
				GENERATE_INFOPLIST_FILE = YES;
				INFOPLIST_FILE = MDCH/Info.plist;
				INFOPLIST_KEY_UIApplicationSupportsIndirectInputEvents = YES;
				INFOPLIST_KEY_UILaunchStoryboardName = LaunchScreen;
				INFOPLIST_KEY_UISupportedInterfaceOrientations_iPad = "UIInterfaceOrientationPortrait UIInterfaceOrientationPortraitUpsideDown UIInterfaceOrientationLandscapeLeft UIInterfaceOrientationLandscapeRight";
				INFOPLIST_KEY_UISupportedInterfaceOrientations_iPhone = "UIInterfaceOrientationPortrait UIInterfaceOrientationLandscapeLeft UIInterfaceOrientationLandscapeRight";
				LD_RUNPATH_SEARCH_PATHS = (
					"$(inherited)",
					"@executable_path/Frameworks",
				);
				MARKETING_VERSION = 1.0;
				PRODUCT_BUNDLE_IDENTIFIER = Nepena.MDCH;
				PRODUCT_NAME = "$(TARGET_NAME)";
				SWIFT_EMIT_LOC_STRINGS = YES;
				SWIFT_VERSION = 5.0;
				TARGETED_DEVICE_FAMILY = "1,2";
			};
			name = Debug;
		};
		9D68BD9E2B728CD200C41B85 /* Release */ = {
			isa = XCBuildConfiguration;
			buildSettings = {
				ASSETCATALOG_COMPILER_APPICON_NAME = AppIcon;
				ASSETCATALOG_COMPILER_GLOBAL_ACCENT_COLOR_NAME = AccentColor;
				CODE_SIGN_STYLE = Automatic;
				CURRENT_PROJECT_VERSION = 1;
				DEVELOPMENT_TEAM = B5GYW8VT22;
				GENERATE_INFOPLIST_FILE = YES;
				INFOPLIST_FILE = MDCH/Info.plist;
				INFOPLIST_KEY_UIApplicationSupportsIndirectInputEvents = YES;
				INFOPLIST_KEY_UILaunchStoryboardName = LaunchScreen;
				INFOPLIST_KEY_UISupportedInterfaceOrientations_iPad = "UIInterfaceOrientationPortrait UIInterfaceOrientationPortraitUpsideDown UIInterfaceOrientationLandscapeLeft UIInterfaceOrientationLandscapeRight";
				INFOPLIST_KEY_UISupportedInterfaceOrientations_iPhone = "UIInterfaceOrientationPortrait UIInterfaceOrientationLandscapeLeft UIInterfaceOrientationLandscapeRight";
				LD_RUNPATH_SEARCH_PATHS = (
					"$(inherited)",
					"@executable_path/Frameworks",
				);
				MARKETING_VERSION = 1.0;
				PRODUCT_BUNDLE_IDENTIFIER = Nepena.MDCH;
				PRODUCT_NAME = "$(TARGET_NAME)";
				SWIFT_EMIT_LOC_STRINGS = YES;
				SWIFT_VERSION = 5.0;
				TARGETED_DEVICE_FAMILY = "1,2";
			};
			name = Release;
		};
/* End XCBuildConfiguration section */

/* Begin XCConfigurationList section */
		9D68BD832B728CD000C41B85 /* Build configuration list for PBXProject "MDCH" */ = {
			isa = XCConfigurationList;
			buildConfigurations = (
				9D68BD9A2B728CD200C41B85 /* Debug */,
				9D68BD9B2B728CD200C41B85 /* Release */,
			);
			defaultConfigurationIsVisible = 0;
			defaultConfigurationName = Release;
		};
		9D68BD9C2B728CD200C41B85 /* Build configuration list for PBXNativeTarget "MDCH" */ = {
			isa = XCConfigurationList;
			buildConfigurations = (
				9D68BD9D2B728CD200C41B85 /* Debug */,
				9D68BD9E2B728CD200C41B85 /* Release */,
			);
			defaultConfigurationIsVisible = 0;
			defaultConfigurationName = Release;
		};
/* End XCConfigurationList section */

/* Begin XCRemoteSwiftPackageReference section */
		9D0098992B763CE900ED877A /* XCRemoteSwiftPackageReference "SnapKit" */ = {
			isa = XCRemoteSwiftPackageReference;
			repositoryURL = "https://github.com/SnapKit/SnapKit";
			requirement = {
				kind = upToNextMajorVersion;
				minimumVersion = 5.0.0;
			};
		};
		9D68BDA52B72918C00C41B85 /* XCRemoteSwiftPackageReference "firebase-ios-sdk" */ = {
			isa = XCRemoteSwiftPackageReference;
			repositoryURL = "https://github.com/firebase/firebase-ios-sdk.git";
			requirement = {
				kind = upToNextMajorVersion;
				minimumVersion = 9.0.0;
			};
		};
/* End XCRemoteSwiftPackageReference section */

/* Begin XCSwiftPackageProductDependency section */
		9D00989A2B763CE900ED877A /* SnapKit */ = {
			isa = XCSwiftPackageProductDependency;
			package = 9D0098992B763CE900ED877A /* XCRemoteSwiftPackageReference "SnapKit" */;
			productName = SnapKit;
		};
		9D68BDA62B72918C00C41B85 /* FirebaseAuth */ = {
			isa = XCSwiftPackageProductDependency;
			package = 9D68BDA52B72918C00C41B85 /* XCRemoteSwiftPackageReference "firebase-ios-sdk" */;
			productName = FirebaseAuth;
		};
		9D68BDA82B72918C00C41B85 /* FirebaseDatabase */ = {
			isa = XCSwiftPackageProductDependency;
			package = 9D68BDA52B72918C00C41B85 /* XCRemoteSwiftPackageReference "firebase-ios-sdk" */;
			productName = FirebaseDatabase;
		};
		9D68BDAA2B72918C00C41B85 /* FirebaseFirestore */ = {
			isa = XCSwiftPackageProductDependency;
			package = 9D68BDA52B72918C00C41B85 /* XCRemoteSwiftPackageReference "firebase-ios-sdk" */;
			productName = FirebaseFirestore;
		};
		9D68BDAC2B72918C00C41B85 /* FirebaseStorage */ = {
			isa = XCSwiftPackageProductDependency;
			package = 9D68BDA52B72918C00C41B85 /* XCRemoteSwiftPackageReference "firebase-ios-sdk" */;
			productName = FirebaseStorage;
		};
/* End XCSwiftPackageProductDependency section */
	};
	rootObject = 9D68BD802B728CD000C41B85 /* Project object */;
}
