// !$*UTF8*$!
{
	archiveVersion = 1;
	classes = {
	};
	objectVersion = 56;
	objects = {

/* Begin PBXBuildFile section */
		9001EF679D6ADBCF9E43B52B /* Pods_MDCH.framework in Frameworks */ = {isa = PBXBuildFile; fileRef = DB694B7C2FF0E9FE333A302F /* Pods_MDCH.framework */; };
		9D24AB532B4EFC20006AB0AC /* AuthHeaderView.swift in Sources */ = {isa = PBXBuildFile; fileRef = 9D24AB522B4EFC20006AB0AC /* AuthHeaderView.swift */; };
		9D59945C2B4F102200E88477 /* CustomTextField.swift in Sources */ = {isa = PBXBuildFile; fileRef = 9D59945B2B4F102200E88477 /* CustomTextField.swift */; };
		9D59945E2B4F16FB00E88477 /* CustomButton.swift in Sources */ = {isa = PBXBuildFile; fileRef = 9D59945D2B4F16FB00E88477 /* CustomButton.swift */; };
		9D5994602B4F244500E88477 /* WebViewrController.swift in Sources */ = {isa = PBXBuildFile; fileRef = 9D59945F2B4F244500E88477 /* WebViewrController.swift */; };
		9D67C4C32B471FEB00B96EC7 /* AppDelegate.swift in Sources */ = {isa = PBXBuildFile; fileRef = 9D67C4C22B471FEB00B96EC7 /* AppDelegate.swift */; };
		9D67C4C52B471FEB00B96EC7 /* SceneDelegate.swift in Sources */ = {isa = PBXBuildFile; fileRef = 9D67C4C42B471FEB00B96EC7 /* SceneDelegate.swift */; };
		9D67C4CC2B471FED00B96EC7 /* Assets.xcassets in Resources */ = {isa = PBXBuildFile; fileRef = 9D67C4CB2B471FED00B96EC7 /* Assets.xcassets */; };
		9D67C4CF2B471FED00B96EC7 /* LaunchScreen.storyboard in Resources */ = {isa = PBXBuildFile; fileRef = 9D67C4CD2B471FED00B96EC7 /* LaunchScreen.storyboard */; };
		9D974BFC2B4ECF3B005DF8C6 /* ForgotPasswordController.swift in Sources */ = {isa = PBXBuildFile; fileRef = 9D974BFB2B4ECF3B005DF8C6 /* ForgotPasswordController.swift */; };
		9D974BFE2B4ECF92005DF8C6 /* LoginController.swift in Sources */ = {isa = PBXBuildFile; fileRef = 9D974BFD2B4ECF92005DF8C6 /* LoginController.swift */; };
		9D974C002B4ED011005DF8C6 /* RegisterController.swift in Sources */ = {isa = PBXBuildFile; fileRef = 9D974BFF2B4ED011005DF8C6 /* RegisterController.swift */; };
		9D974C022B4ED03F005DF8C6 /* HomeController.swift in Sources */ = {isa = PBXBuildFile; fileRef = 9D974C012B4ED03F005DF8C6 /* HomeController.swift */; };
/* End PBXBuildFile section */

/* Begin PBXFileReference section */
		9D24AB522B4EFC20006AB0AC /* AuthHeaderView.swift */ = {isa = PBXFileReference; lastKnownFileType = sourcecode.swift; path = AuthHeaderView.swift; sourceTree = "<group>"; };
		9D59945B2B4F102200E88477 /* CustomTextField.swift */ = {isa = PBXFileReference; lastKnownFileType = sourcecode.swift; path = CustomTextField.swift; sourceTree = "<group>"; };
		9D59945D2B4F16FB00E88477 /* CustomButton.swift */ = {isa = PBXFileReference; lastKnownFileType = sourcecode.swift; path = CustomButton.swift; sourceTree = "<group>"; };
		9D59945F2B4F244500E88477 /* WebViewrController.swift */ = {isa = PBXFileReference; lastKnownFileType = sourcecode.swift; path = WebViewrController.swift; sourceTree = "<group>"; };
		9D67C4BF2B471FEB00B96EC7 /* MDCH.app */ = {isa = PBXFileReference; explicitFileType = wrapper.application; includeInIndex = 0; path = MDCH.app; sourceTree = BUILT_PRODUCTS_DIR; };
		9D67C4C22B471FEB00B96EC7 /* AppDelegate.swift */ = {isa = PBXFileReference; lastKnownFileType = sourcecode.swift; path = AppDelegate.swift; sourceTree = "<group>"; };
		9D67C4C42B471FEB00B96EC7 /* SceneDelegate.swift */ = {isa = PBXFileReference; lastKnownFileType = sourcecode.swift; path = SceneDelegate.swift; sourceTree = "<group>"; };
		9D67C4CB2B471FED00B96EC7 /* Assets.xcassets */ = {isa = PBXFileReference; lastKnownFileType = folder.assetcatalog; path = Assets.xcassets; sourceTree = "<group>"; };
		9D67C4CE2B471FED00B96EC7 /* Base */ = {isa = PBXFileReference; lastKnownFileType = file.storyboard; name = Base; path = Base.lproj/LaunchScreen.storyboard; sourceTree = "<group>"; };
		9D67C4D02B471FED00B96EC7 /* Info.plist */ = {isa = PBXFileReference; lastKnownFileType = text.plist.xml; path = Info.plist; sourceTree = "<group>"; };
		9D974BFB2B4ECF3B005DF8C6 /* ForgotPasswordController.swift */ = {isa = PBXFileReference; lastKnownFileType = sourcecode.swift; path = ForgotPasswordController.swift; sourceTree = "<group>"; };
		9D974BFD2B4ECF92005DF8C6 /* LoginController.swift */ = {isa = PBXFileReference; lastKnownFileType = sourcecode.swift; path = LoginController.swift; sourceTree = "<group>"; };
		9D974BFF2B4ED011005DF8C6 /* RegisterController.swift */ = {isa = PBXFileReference; lastKnownFileType = sourcecode.swift; path = RegisterController.swift; sourceTree = "<group>"; };
		9D974C012B4ED03F005DF8C6 /* HomeController.swift */ = {isa = PBXFileReference; lastKnownFileType = sourcecode.swift; path = HomeController.swift; sourceTree = "<group>"; };
		DB694B7C2FF0E9FE333A302F /* Pods_MDCH.framework */ = {isa = PBXFileReference; explicitFileType = wrapper.framework; includeInIndex = 0; path = Pods_MDCH.framework; sourceTree = BUILT_PRODUCTS_DIR; };
		E3928053F7A71D82272227DB /* Pods-MDCH.release.xcconfig */ = {isa = PBXFileReference; includeInIndex = 1; lastKnownFileType = text.xcconfig; name = "Pods-MDCH.release.xcconfig"; path = "Target Support Files/Pods-MDCH/Pods-MDCH.release.xcconfig"; sourceTree = "<group>"; };
		FBBC19B97B051D4B3B5A9FAC /* Pods-MDCH.debug.xcconfig */ = {isa = PBXFileReference; includeInIndex = 1; lastKnownFileType = text.xcconfig; name = "Pods-MDCH.debug.xcconfig"; path = "Target Support Files/Pods-MDCH/Pods-MDCH.debug.xcconfig"; sourceTree = "<group>"; };
/* End PBXFileReference section */

/* Begin PBXFrameworksBuildPhase section */
		9D67C4BC2B471FEB00B96EC7 /* Frameworks */ = {
			isa = PBXFrameworksBuildPhase;
			buildActionMask = 2147483647;
			files = (
				9001EF679D6ADBCF9E43B52B /* Pods_MDCH.framework in Frameworks */,
			);
			runOnlyForDeploymentPostprocessing = 0;
		};
/* End PBXFrameworksBuildPhase section */

/* Begin PBXGroup section */
		28FF2ECD3FB271580B915493 /* Pods */ = {
			isa = PBXGroup;
			children = (
				FBBC19B97B051D4B3B5A9FAC /* Pods-MDCH.debug.xcconfig */,
				E3928053F7A71D82272227DB /* Pods-MDCH.release.xcconfig */,
			);
			path = Pods;
			sourceTree = "<group>";
		};
		9A3B568D2313EAAEBB568991 /* Frameworks */ = {
			isa = PBXGroup;
			children = (
				DB694B7C2FF0E9FE333A302F /* Pods_MDCH.framework */,
			);
			name = Frameworks;
			sourceTree = "<group>";
		};
		9D24AB512B4EFBF8006AB0AC /* Views */ = {
			isa = PBXGroup;
			children = (
				9D24AB522B4EFC20006AB0AC /* AuthHeaderView.swift */,
				9D59945B2B4F102200E88477 /* CustomTextField.swift */,
				9D59945D2B4F16FB00E88477 /* CustomButton.swift */,
			);
			path = Views;
			sourceTree = "<group>";
		};
		9D67C4B62B471FEB00B96EC7 = {
			isa = PBXGroup;
			children = (
				9D67C4C12B471FEB00B96EC7 /* MDCH */,
				28FF2ECD3FB271580B915493 /* Pods */,
				9A3B568D2313EAAEBB568991 /* Frameworks */,
			);
			sourceTree = "<group>";
		};
		9D67C4C02B471FEB00B96EC7 /* Products */ = {
			isa = PBXGroup;
			children = (
				9D67C4BF2B471FEB00B96EC7 /* MDCH.app */,
			);
			name = Products;
			path = ..;
			sourceTree = "<group>";
		};
		9D67C4C12B471FEB00B96EC7 /* MDCH */ = {
			isa = PBXGroup;
			children = (
				9D24AB512B4EFBF8006AB0AC /* Views */,
				9D974BFB2B4ECF3B005DF8C6 /* ForgotPasswordController.swift */,
				9D974C012B4ED03F005DF8C6 /* HomeController.swift */,
				9D974BFD2B4ECF92005DF8C6 /* LoginController.swift */,
				9D974BFF2B4ED011005DF8C6 /* RegisterController.swift */,
				9D59945F2B4F244500E88477 /* WebViewrController.swift */,
				9D67C4D62B47204700B96EC7 /* Application */,
				9D67C4D72B47206600B96EC7 /* Resources */,
				9D67C4D02B471FED00B96EC7 /* Info.plist */,
				9D67C4C02B471FEB00B96EC7 /* Products */,
			);
			path = MDCH;
			sourceTree = "<group>";
		};
		9D67C4D62B47204700B96EC7 /* Application */ = {
			isa = PBXGroup;
			children = (
				9D67C4C22B471FEB00B96EC7 /* AppDelegate.swift */,
				9D67C4C42B471FEB00B96EC7 /* SceneDelegate.swift */,
			);
			path = Application;
			sourceTree = "<group>";
		};
		9D67C4D72B47206600B96EC7 /* Resources */ = {
			isa = PBXGroup;
			children = (
				9D67C4CB2B471FED00B96EC7 /* Assets.xcassets */,
				9D67C4CD2B471FED00B96EC7 /* LaunchScreen.storyboard */,
			);
			path = Resources;
			sourceTree = "<group>";
		};
/* End PBXGroup section */

/* Begin PBXNativeTarget section */
		9D67C4BE2B471FEB00B96EC7 /* MDCH */ = {
			isa = PBXNativeTarget;
			buildConfigurationList = 9D67C4D32B471FED00B96EC7 /* Build configuration list for PBXNativeTarget "MDCH" */;
			buildPhases = (
				3608EF31C1E64DCE2E369061 /* [CP] Check Pods Manifest.lock */,
				9D67C4BB2B471FEB00B96EC7 /* Sources */,
				9D67C4BC2B471FEB00B96EC7 /* Frameworks */,
				9D67C4BD2B471FEB00B96EC7 /* Resources */,
				1D1DAB318352375C9CF25A47 /* [CP] Embed Pods Frameworks */,
			);
			buildRules = (
			);
			dependencies = (
			);
			name = MDCH;
			productName = MDCH;
			productReference = 9D67C4BF2B471FEB00B96EC7 /* MDCH.app */;
			productType = "com.apple.product-type.application";
		};
/* End PBXNativeTarget section */

/* Begin PBXProject section */
		9D67C4B72B471FEB00B96EC7 /* Project object */ = {
			isa = PBXProject;
			attributes = {
				BuildIndependentTargetsInParallel = 1;
				LastSwiftUpdateCheck = 1420;
				LastUpgradeCheck = 1420;
				TargetAttributes = {
					9D67C4BE2B471FEB00B96EC7 = {
						CreatedOnToolsVersion = 14.2;
					};
				};
			};
			buildConfigurationList = 9D67C4BA2B471FEB00B96EC7 /* Build configuration list for PBXProject "MDCH" */;
			compatibilityVersion = "Xcode 14.0";
			developmentRegion = en;
			hasScannedForEncodings = 0;
			knownRegions = (
				en,
				Base,
			);
			mainGroup = 9D67C4B62B471FEB00B96EC7;
			productRefGroup = 9D67C4C02B471FEB00B96EC7 /* Products */;
			projectDirPath = "";
			projectRoot = "";
			targets = (
				9D67C4BE2B471FEB00B96EC7 /* MDCH */,
			);
		};
/* End PBXProject section */

/* Begin PBXResourcesBuildPhase section */
		9D67C4BD2B471FEB00B96EC7 /* Resources */ = {
			isa = PBXResourcesBuildPhase;
			buildActionMask = 2147483647;
			files = (
				9D67C4CF2B471FED00B96EC7 /* LaunchScreen.storyboard in Resources */,
				9D67C4CC2B471FED00B96EC7 /* Assets.xcassets in Resources */,
			);
			runOnlyForDeploymentPostprocessing = 0;
		};
/* End PBXResourcesBuildPhase section */

/* Begin PBXShellScriptBuildPhase section */
		1D1DAB318352375C9CF25A47 /* [CP] Embed Pods Frameworks */ = {
			isa = PBXShellScriptBuildPhase;
			buildActionMask = 2147483647;
			files = (
			);
			inputFileListPaths = (
				"${PODS_ROOT}/Target Support Files/Pods-MDCH/Pods-MDCH-frameworks-${CONFIGURATION}-input-files.xcfilelist",
			);
			name = "[CP] Embed Pods Frameworks";
			outputFileListPaths = (
				"${PODS_ROOT}/Target Support Files/Pods-MDCH/Pods-MDCH-frameworks-${CONFIGURATION}-output-files.xcfilelist",
			);
			runOnlyForDeploymentPostprocessing = 0;
			shellPath = /bin/sh;
			shellScript = "\"${PODS_ROOT}/Target Support Files/Pods-MDCH/Pods-MDCH-frameworks.sh\"\n";
			showEnvVarsInLog = 0;
		};
		3608EF31C1E64DCE2E369061 /* [CP] Check Pods Manifest.lock */ = {
			isa = PBXShellScriptBuildPhase;
			buildActionMask = 2147483647;
			files = (
			);
			inputFileListPaths = (
			);
			inputPaths = (
				"${PODS_PODFILE_DIR_PATH}/Podfile.lock",
				"${PODS_ROOT}/Manifest.lock",
			);
			name = "[CP] Check Pods Manifest.lock";
			outputFileListPaths = (
			);
			outputPaths = (
				"$(DERIVED_FILE_DIR)/Pods-MDCH-checkManifestLockResult.txt",
			);
			runOnlyForDeploymentPostprocessing = 0;
			shellPath = /bin/sh;
			shellScript = "diff \"${PODS_PODFILE_DIR_PATH}/Podfile.lock\" \"${PODS_ROOT}/Manifest.lock\" > /dev/null\nif [ $? != 0 ] ; then\n    # print error to STDERR\n    echo \"error: The sandbox is not in sync with the Podfile.lock. Run 'pod install' or update your CocoaPods installation.\" >&2\n    exit 1\nfi\n# This output is used by Xcode 'outputs' to avoid re-running this script phase.\necho \"SUCCESS\" > \"${SCRIPT_OUTPUT_FILE_0}\"\n";
			showEnvVarsInLog = 0;
		};
/* End PBXShellScriptBuildPhase section */

/* Begin PBXSourcesBuildPhase section */
		9D67C4BB2B471FEB00B96EC7 /* Sources */ = {
			isa = PBXSourcesBuildPhase;
			buildActionMask = 2147483647;
			files = (
				9D974BFC2B4ECF3B005DF8C6 /* ForgotPasswordController.swift in Sources */,
				9D974C022B4ED03F005DF8C6 /* HomeController.swift in Sources */,
				9D59945E2B4F16FB00E88477 /* CustomButton.swift in Sources */,
				9D974C002B4ED011005DF8C6 /* RegisterController.swift in Sources */,
				9D67C4C32B471FEB00B96EC7 /* AppDelegate.swift in Sources */,
				9D59945C2B4F102200E88477 /* CustomTextField.swift in Sources */,
				9D5994602B4F244500E88477 /* WebViewrController.swift in Sources */,
				9D67C4C52B471FEB00B96EC7 /* SceneDelegate.swift in Sources */,
				9D974BFE2B4ECF92005DF8C6 /* LoginController.swift in Sources */,
				9D24AB532B4EFC20006AB0AC /* AuthHeaderView.swift in Sources */,
			);
			runOnlyForDeploymentPostprocessing = 0;
		};
/* End PBXSourcesBuildPhase section */

/* Begin PBXVariantGroup section */
		9D67C4CD2B471FED00B96EC7 /* LaunchScreen.storyboard */ = {
			isa = PBXVariantGroup;
			children = (
				9D67C4CE2B471FED00B96EC7 /* Base */,
			);
			name = LaunchScreen.storyboard;
			sourceTree = "<group>";
		};
/* End PBXVariantGroup section */

/* Begin XCBuildConfiguration section */
		9D67C4D12B471FED00B96EC7 /* Debug */ = {
			isa = XCBuildConfiguration;
			buildSettings = {
				ALWAYS_SEARCH_USER_PATHS = NO;
				CLANG_ANALYZER_NONNULL = YES;
				CLANG_ANALYZER_NUMBER_OBJECT_CONVERSION = YES_AGGRESSIVE;
				CLANG_CXX_LANGUAGE_STANDARD = "gnu++20";
				CLANG_ENABLE_MODULES = YES;
				CLANG_ENABLE_OBJC_ARC = YES;
				CLANG_ENABLE_OBJC_WEAK = YES;
				CLANG_WARN_BLOCK_CAPTURE_AUTORELEASING = YES;
				CLANG_WARN_BOOL_CONVERSION = YES;
				CLANG_WARN_COMMA = YES;
				CLANG_WARN_CONSTANT_CONVERSION = YES;
				CLANG_WARN_DEPRECATED_OBJC_IMPLEMENTATIONS = YES;
				CLANG_WARN_DIRECT_OBJC_ISA_USAGE = YES_ERROR;
				CLANG_WARN_DOCUMENTATION_COMMENTS = YES;
				CLANG_WARN_EMPTY_BODY = YES;
				CLANG_WARN_ENUM_CONVERSION = YES;
				CLANG_WARN_INFINITE_RECURSION = YES;
				CLANG_WARN_INT_CONVERSION = YES;
				CLANG_WARN_NON_LITERAL_NULL_CONVERSION = YES;
				CLANG_WARN_OBJC_IMPLICIT_RETAIN_SELF = YES;
				CLANG_WARN_OBJC_LITERAL_CONVERSION = YES;
				CLANG_WARN_OBJC_ROOT_CLASS = YES_ERROR;
				CLANG_WARN_QUOTED_INCLUDE_IN_FRAMEWORK_HEADER = YES;
				CLANG_WARN_RANGE_LOOP_ANALYSIS = YES;
				CLANG_WARN_STRICT_PROTOTYPES = YES;
				CLANG_WARN_SUSPICIOUS_MOVE = YES;
				CLANG_WARN_UNGUARDED_AVAILABILITY = YES_AGGRESSIVE;
				CLANG_WARN_UNREACHABLE_CODE = YES;
				CLANG_WARN__DUPLICATE_METHOD_MATCH = YES;
				COPY_PHASE_STRIP = NO;
				DEBUG_INFORMATION_FORMAT = dwarf;
				ENABLE_STRICT_OBJC_MSGSEND = YES;
				ENABLE_TESTABILITY = YES;
				GCC_C_LANGUAGE_STANDARD = gnu11;
				GCC_DYNAMIC_NO_PIC = NO;
				GCC_NO_COMMON_BLOCKS = YES;
				GCC_OPTIMIZATION_LEVEL = 0;
				GCC_PREPROCESSOR_DEFINITIONS = (
					"DEBUG=1",
					"$(inherited)",
				);
				GCC_WARN_64_TO_32_BIT_CONVERSION = YES;
				GCC_WARN_ABOUT_RETURN_TYPE = YES_ERROR;
				GCC_WARN_UNDECLARED_SELECTOR = YES;
				GCC_WARN_UNINITIALIZED_AUTOS = YES_AGGRESSIVE;
				GCC_WARN_UNUSED_FUNCTION = YES;
				GCC_WARN_UNUSED_VARIABLE = YES;
				IPHONEOS_DEPLOYMENT_TARGET = 16.2;
				MTL_ENABLE_DEBUG_INFO = INCLUDE_SOURCE;
				MTL_FAST_MATH = YES;
				ONLY_ACTIVE_ARCH = YES;
				SDKROOT = iphoneos;
				SWIFT_ACTIVE_COMPILATION_CONDITIONS = DEBUG;
				SWIFT_OPTIMIZATION_LEVEL = "-Onone";
			};
			name = Debug;
		};
		9D67C4D22B471FED00B96EC7 /* Release */ = {
			isa = XCBuildConfiguration;
			buildSettings = {
				ALWAYS_SEARCH_USER_PATHS = NO;
				CLANG_ANALYZER_NONNULL = YES;
				CLANG_ANALYZER_NUMBER_OBJECT_CONVERSION = YES_AGGRESSIVE;
				CLANG_CXX_LANGUAGE_STANDARD = "gnu++20";
				CLANG_ENABLE_MODULES = YES;
				CLANG_ENABLE_OBJC_ARC = YES;
				CLANG_ENABLE_OBJC_WEAK = YES;
				CLANG_WARN_BLOCK_CAPTURE_AUTORELEASING = YES;
				CLANG_WARN_BOOL_CONVERSION = YES;
				CLANG_WARN_COMMA = YES;
				CLANG_WARN_CONSTANT_CONVERSION = YES;
				CLANG_WARN_DEPRECATED_OBJC_IMPLEMENTATIONS = YES;
				CLANG_WARN_DIRECT_OBJC_ISA_USAGE = YES_ERROR;
				CLANG_WARN_DOCUMENTATION_COMMENTS = YES;
				CLANG_WARN_EMPTY_BODY = YES;
				CLANG_WARN_ENUM_CONVERSION = YES;
				CLANG_WARN_INFINITE_RECURSION = YES;
				CLANG_WARN_INT_CONVERSION = YES;
				CLANG_WARN_NON_LITERAL_NULL_CONVERSION = YES;
				CLANG_WARN_OBJC_IMPLICIT_RETAIN_SELF = YES;
				CLANG_WARN_OBJC_LITERAL_CONVERSION = YES;
				CLANG_WARN_OBJC_ROOT_CLASS = YES_ERROR;
				CLANG_WARN_QUOTED_INCLUDE_IN_FRAMEWORK_HEADER = YES;
				CLANG_WARN_RANGE_LOOP_ANALYSIS = YES;
				CLANG_WARN_STRICT_PROTOTYPES = YES;
				CLANG_WARN_SUSPICIOUS_MOVE = YES;
				CLANG_WARN_UNGUARDED_AVAILABILITY = YES_AGGRESSIVE;
				CLANG_WARN_UNREACHABLE_CODE = YES;
				CLANG_WARN__DUPLICATE_METHOD_MATCH = YES;
				COPY_PHASE_STRIP = NO;
				DEBUG_INFORMATION_FORMAT = "dwarf-with-dsym";
				ENABLE_NS_ASSERTIONS = NO;
				ENABLE_STRICT_OBJC_MSGSEND = YES;
				GCC_C_LANGUAGE_STANDARD = gnu11;
				GCC_NO_COMMON_BLOCKS = YES;
				GCC_WARN_64_TO_32_BIT_CONVERSION = YES;
				GCC_WARN_ABOUT_RETURN_TYPE = YES_ERROR;
				GCC_WARN_UNDECLARED_SELECTOR = YES;
				GCC_WARN_UNINITIALIZED_AUTOS = YES_AGGRESSIVE;
				GCC_WARN_UNUSED_FUNCTION = YES;
				GCC_WARN_UNUSED_VARIABLE = YES;
				IPHONEOS_DEPLOYMENT_TARGET = 16.2;
				MTL_ENABLE_DEBUG_INFO = NO;
				MTL_FAST_MATH = YES;
				SDKROOT = iphoneos;
				SWIFT_COMPILATION_MODE = wholemodule;
				SWIFT_OPTIMIZATION_LEVEL = "-O";
				VALIDATE_PRODUCT = YES;
			};
			name = Release;
		};
		9D67C4D42B471FED00B96EC7 /* Debug */ = {
			isa = XCBuildConfiguration;
			baseConfigurationReference = FBBC19B97B051D4B3B5A9FAC /* Pods-MDCH.debug.xcconfig */;
			buildSettings = {
				ASSETCATALOG_COMPILER_APPICON_NAME = AppIcon;
				ASSETCATALOG_COMPILER_GLOBAL_ACCENT_COLOR_NAME = AccentColor;
				CODE_SIGN_STYLE = Automatic;
				CURRENT_PROJECT_VERSION = 1;
				DEVELOPMENT_TEAM = B5GYW8VT22;
				GENERATE_INFOPLIST_FILE = YES;
				INFOPLIST_FILE = MDCH/Info.plist;
				INFOPLIST_KEY_UIApplicationSupportsIndirectInputEvents = YES;
				INFOPLIST_KEY_UILaunchStoryboardName = LaunchScreen;
				INFOPLIST_KEY_UISupportedInterfaceOrientations_iPad = "UIInterfaceOrientationPortrait UIInterfaceOrientationPortraitUpsideDown UIInterfaceOrientationLandscapeLeft UIInterfaceOrientationLandscapeRight";
				INFOPLIST_KEY_UISupportedInterfaceOrientations_iPhone = "UIInterfaceOrientationPortrait UIInterfaceOrientationLandscapeLeft UIInterfaceOrientationLandscapeRight";
				LD_RUNPATH_SEARCH_PATHS = (
					"$(inherited)",
					"@executable_path/Frameworks",
				);
				MARKETING_VERSION = 1.0;
				PRODUCT_BUNDLE_IDENTIFIER = Nepena.MDCH;
				PRODUCT_NAME = "$(TARGET_NAME)";
				SWIFT_EMIT_LOC_STRINGS = YES;
				SWIFT_VERSION = 5.0;
				TARGETED_DEVICE_FAMILY = "1,2";
			};
			name = Debug;
		};
		9D67C4D52B471FED00B96EC7 /* Release */ = {
			isa = XCBuildConfiguration;
			baseConfigurationReference = E3928053F7A71D82272227DB /* Pods-MDCH.release.xcconfig */;
			buildSettings = {
				ASSETCATALOG_COMPILER_APPICON_NAME = AppIcon;
				ASSETCATALOG_COMPILER_GLOBAL_ACCENT_COLOR_NAME = AccentColor;
				CODE_SIGN_STYLE = Automatic;
				CURRENT_PROJECT_VERSION = 1;
				DEVELOPMENT_TEAM = B5GYW8VT22;
				GENERATE_INFOPLIST_FILE = YES;
				INFOPLIST_FILE = MDCH/Info.plist;
				INFOPLIST_KEY_UIApplicationSupportsIndirectInputEvents = YES;
				INFOPLIST_KEY_UILaunchStoryboardName = LaunchScreen;
				INFOPLIST_KEY_UISupportedInterfaceOrientations_iPad = "UIInterfaceOrientationPortrait UIInterfaceOrientationPortraitUpsideDown UIInterfaceOrientationLandscapeLeft UIInterfaceOrientationLandscapeRight";
				INFOPLIST_KEY_UISupportedInterfaceOrientations_iPhone = "UIInterfaceOrientationPortrait UIInterfaceOrientationLandscapeLeft UIInterfaceOrientationLandscapeRight";
				LD_RUNPATH_SEARCH_PATHS = (
					"$(inherited)",
					"@executable_path/Frameworks",
				);
				MARKETING_VERSION = 1.0;
				PRODUCT_BUNDLE_IDENTIFIER = Nepena.MDCH;
				PRODUCT_NAME = "$(TARGET_NAME)";
				SWIFT_EMIT_LOC_STRINGS = YES;
				SWIFT_VERSION = 5.0;
				TARGETED_DEVICE_FAMILY = "1,2";
			};
			name = Release;
		};
/* End XCBuildConfiguration section */

/* Begin XCConfigurationList section */
		9D67C4BA2B471FEB00B96EC7 /* Build configuration list for PBXProject "MDCH" */ = {
			isa = XCConfigurationList;
			buildConfigurations = (
				9D67C4D12B471FED00B96EC7 /* Debug */,
				9D67C4D22B471FED00B96EC7 /* Release */,
			);
			defaultConfigurationIsVisible = 0;
			defaultConfigurationName = Release;
		};
		9D67C4D32B471FED00B96EC7 /* Build configuration list for PBXNativeTarget "MDCH" */ = {
			isa = XCConfigurationList;
			buildConfigurations = (
				9D67C4D42B471FED00B96EC7 /* Debug */,
				9D67C4D52B471FED00B96EC7 /* Release */,
			);
			defaultConfigurationIsVisible = 0;
			defaultConfigurationName = Release;
		};
/* End XCConfigurationList section */
	};
	rootObject = 9D67C4B72B471FEB00B96EC7 /* Project object */;
}
